// !$*UTF8*$!
{
	archiveVersion = 1;
	classes = {
	};
	objectVersion = 46;
	objects = {

/* Begin PBXBuildFile section */
		0AD922A11C1F7EFC007693AB /* FitpaySDK.h in Headers */ = {isa = PBXBuildFile; fileRef = 0AD922A01C1F7EFC007693AB /* FitpaySDK.h */; settings = {ATTRIBUTES = (Public, ); }; };
		0AD922A81C1F7EFC007693AB /* FitpaySDK.framework in Frameworks */ = {isa = PBXBuildFile; fileRef = 0AD9229D1C1F7EFC007693AB /* FitpaySDK.framework */; };
		0AD922AD1C1F7EFC007693AB /* FitpaySDKTests.swift in Sources */ = {isa = PBXBuildFile; fileRef = 0AD922AC1C1F7EFC007693AB /* FitpaySDKTests.swift */; };
		0AD9232C1C20BB38007693AB /* FitpaySDK.swift in Sources */ = {isa = PBXBuildFile; fileRef = 0AD9232B1C20BB38007693AB /* FitpaySDK.swift */; };
		354C63C62E4DFD9F17A403C9 /* Pods_FitpaySDK.framework in Frameworks */ = {isa = PBXBuildFile; fileRef = AE7CA63167C1F9C39FA4FA6C /* Pods_FitpaySDK.framework */; };
		8426D24C1C91D139009AACFE /* RtmConstants.swift in Sources */ = {isa = PBXBuildFile; fileRef = 8426D24B1C91D139009AACFE /* RtmConstants.swift */; };
		8426D2511C92BB9D009AACFE /* StringExtensions.swift in Sources */ = {isa = PBXBuildFile; fileRef = 8426D2501C92BB9D009AACFE /* StringExtensions.swift */; };
		9A1227801C89CF5C006968D7 /* ArrayExtensions.swift in Sources */ = {isa = PBXBuildFile; fileRef = 9A12277F1C89CF5C006968D7 /* ArrayExtensions.swift */; };
		9A62E6B61C8DCA20004ED6C0 /* Asset.swift in Sources */ = {isa = PBXBuildFile; fileRef = 9A62E6B51C8DCA20004ED6C0 /* Asset.swift */; };
		9AA50BDF1C7E096D000FA546 /* RestClientTests.swift in Sources */ = {isa = PBXBuildFile; fileRef = 9AA50BDE1C7E096D000FA546 /* RestClientTests.swift */; };
		9AA5BDAB1C7B54B600EDF2F6 /* RestSessionTests.swift in Sources */ = {isa = PBXBuildFile; fileRef = 9AA5BDAA1C7B54B600EDF2F6 /* RestSessionTests.swift */; };
		9AB68E3E1C84A1EC00A0E172 /* JWEHeader.swift in Sources */ = {isa = PBXBuildFile; fileRef = 9AB68E391C84A1EC00A0E172 /* JWEHeader.swift */; };
		9AB68E3F1C84A1EC00A0E172 /* JWEObject.swift in Sources */ = {isa = PBXBuildFile; fileRef = 9AB68E3A1C84A1EC00A0E172 /* JWEObject.swift */; };
		9AB68E401C84A1EC00A0E172 /* Base64Utils.swift in Sources */ = {isa = PBXBuildFile; fileRef = 9AB68E3C1C84A1EC00A0E172 /* Base64Utils.swift */; };
		9AB68E411C84A1EC00A0E172 /* RandomString.swift in Sources */ = {isa = PBXBuildFile; fileRef = 9AB68E3D1C84A1EC00A0E172 /* RandomString.swift */; };
		9AB68E441C84A25B00A0E172 /* JWETests.swift in Sources */ = {isa = PBXBuildFile; fileRef = 9AB68E431C84A25B00A0E172 /* JWETests.swift */; };
		9ABF39421C883AF7002EA8E5 /* JWEObjectExtensions.swift in Sources */ = {isa = PBXBuildFile; fileRef = 9ABF39411C883AF7002EA8E5 /* JWEObjectExtensions.swift */; };
		9ACF2FB31C7F024E0051DAF1 /* libcrypto.a in Frameworks */ = {isa = PBXBuildFile; fileRef = 9ACF2FB11C7F024E0051DAF1 /* libcrypto.a */; };
		9ACF2FB41C7F024E0051DAF1 /* libssl.a in Frameworks */ = {isa = PBXBuildFile; fileRef = 9ACF2FB21C7F024E0051DAF1 /* libssl.a */; };
		CD03806996B162B739B5C3C4 /* User.swift in Sources */ = {isa = PBXBuildFile; fileRef = CD0387CEBA596BFB51256128 /* User.swift */; };
		CD0380D8C5E628E5C1A755AC /* RestAPIConstants.swift in Sources */ = {isa = PBXBuildFile; fileRef = CD03818A549A1841A5ED64B3 /* RestAPIConstants.swift */; };
		CD03811FA3F15932D1C0F66B /* RestSession.swift in Sources */ = {isa = PBXBuildFile; fileRef = CD03892F10B569368C16273E /* RestSession.swift */; };
		CD038125B3958A9F8CF17E26 /* WebViewSessionData.swift in Sources */ = {isa = PBXBuildFile; fileRef = CD03843A84ED76B33DA758D4 /* WebViewSessionData.swift */; };
		CD0381268F7131417FB26686 /* CreditCardInitiator.swift in Sources */ = {isa = PBXBuildFile; fileRef = CD0385589BFC700A206717B1 /* CreditCardInitiator.swift */; };
		CD03814935D90886A777D9EF /* SecretApplyable.swift in Sources */ = {isa = PBXBuildFile; fileRef = CD038189D3974D4BCE4A2509 /* SecretApplyable.swift */; };
		CD038163A93FFC2353B572A0 /* DictionaryExtensions.swift in Sources */ = {isa = PBXBuildFile; fileRef = CD03877A3C526340ECB9C853 /* DictionaryExtensions.swift */; };
		CD0381C2A8FBB873B221A20F /* RawIntValue.swift in Sources */ = {isa = PBXBuildFile; fileRef = CD0385948875F054FFA4153B /* RawIntValue.swift */; };
		CD03838AE5953B954AC82E50 /* ResultCollection.swift in Sources */ = {isa = PBXBuildFile; fileRef = CD0387ACA27383C2A0D33CBC /* ResultCollection.swift */; };
		CD03844FF2823EFCDF1972EE /* NSJSONSerializationExtensions.swift in Sources */ = {isa = PBXBuildFile; fileRef = CD0386DA358049C9AC2135F6 /* NSJSONSerializationExtensions.swift */; };
		CD03852C57B1C79751A86197 /* ApduPackage.swift in Sources */ = {isa = PBXBuildFile; fileRef = CD0387D62F4EB734531CCEA9 /* ApduPackage.swift */; };
		CD0385C5EFAB73A715B73025 /* PaymentDevice.swift in Sources */ = {isa = PBXBuildFile; fileRef = CD038CF70D8842F8B96D0963 /* PaymentDevice.swift */; };
		CD0385EFB1AE91118505CC3E /* EncryptionKey.swift in Sources */ = {isa = PBXBuildFile; fileRef = CD038D1774A53D9340CFCFBE /* EncryptionKey.swift */; };
		CD03864C52B317B02135FF7D /* NSDataExtensions.swift in Sources */ = {isa = PBXBuildFile; fileRef = CD038C64E5144812C865F0AA /* NSDataExtensions.swift */; };
		CD0386948E879E2106699B3C /* RestClient.swift in Sources */ = {isa = PBXBuildFile; fileRef = CD038E6F65A6788F30C11986 /* RestClient.swift */; };
		CD0387E96A4CCADE85CAA6B0 /* DeviceInfo.swift in Sources */ = {isa = PBXBuildFile; fileRef = CD038A15D95F318EC41638F6 /* DeviceInfo.swift */; };
		CD0389401826E2E23F248906 /* SECP256R1KeyPair.swift in Sources */ = {isa = PBXBuildFile; fileRef = CD0385B12671AFA04137F118 /* SECP256R1KeyPair.swift */; };
		CD038952A85B6214173CC785 /* Commit.swift in Sources */ = {isa = PBXBuildFile; fileRef = CD038321306A4D9DE1077241 /* Commit.swift */; };
		CD03895E2EB9EE7415958B59 /* Transaction.swift in Sources */ = {isa = PBXBuildFile; fileRef = CD03815EA04C30427064A86B /* Transaction.swift */; };
		CD038A4098738EC358AD2751 /* Address.swift in Sources */ = {isa = PBXBuildFile; fileRef = CD03869312A30FB6257C3313 /* Address.swift */; };
		CD038A69826DABAA4DE467C5 /* VerificationMethod.swift in Sources */ = {isa = PBXBuildFile; fileRef = CD0385770D2621125F59B8DD /* VerificationMethod.swift */; };
		CD038AFCBC933F1763715369 /* RtmSession.swift in Sources */ = {isa = PBXBuildFile; fileRef = CD0384BCACD6EC5C570B9D0A /* RtmSession.swift */; };
		CD038BD672C20128B6711869 /* CreditCard.swift in Sources */ = {isa = PBXBuildFile; fileRef = CD038848A71603F14A4F8CD7 /* CreditCard.swift */; };
		CD038D8BCA3144FBB29E8DE4 /* NSErrorExtensions.swift in Sources */ = {isa = PBXBuildFile; fileRef = CD0382E7C3731302B80C1CBE /* NSErrorExtensions.swift */; };
		CD038DC45BF133FC5A0D9A94 /* ResourceLink.swift in Sources */ = {isa = PBXBuildFile; fileRef = CD038EC1AB0F5F167433FC52 /* ResourceLink.swift */; };
		CD038E19C412D95ED6F9F036 /* Relationship.swift in Sources */ = {isa = PBXBuildFile; fileRef = CD038236D1AEE3AC7A8155E3 /* Relationship.swift */; };
/* End PBXBuildFile section */

/* Begin PBXContainerItemProxy section */
		0AD922A91C1F7EFC007693AB /* PBXContainerItemProxy */ = {
			isa = PBXContainerItemProxy;
			containerPortal = 0AD922941C1F7EFC007693AB /* Project object */;
			proxyType = 1;
			remoteGlobalIDString = 0AD9229C1C1F7EFC007693AB;
			remoteInfo = FitpaySDK;
		};
/* End PBXContainerItemProxy section */

/* Begin PBXFileReference section */
		0AD9229D1C1F7EFC007693AB /* FitpaySDK.framework */ = {isa = PBXFileReference; explicitFileType = wrapper.framework; includeInIndex = 0; path = FitpaySDK.framework; sourceTree = BUILT_PRODUCTS_DIR; };
		0AD922A01C1F7EFC007693AB /* FitpaySDK.h */ = {isa = PBXFileReference; lastKnownFileType = sourcecode.c.h; path = FitpaySDK.h; sourceTree = "<group>"; };
		0AD922A21C1F7EFC007693AB /* Info.plist */ = {isa = PBXFileReference; lastKnownFileType = text.plist.xml; path = Info.plist; sourceTree = "<group>"; };
		0AD922A71C1F7EFC007693AB /* FitpaySDKTests.xctest */ = {isa = PBXFileReference; explicitFileType = wrapper.cfbundle; includeInIndex = 0; path = FitpaySDKTests.xctest; sourceTree = BUILT_PRODUCTS_DIR; };
		0AD922AC1C1F7EFC007693AB /* FitpaySDKTests.swift */ = {isa = PBXFileReference; lastKnownFileType = sourcecode.swift; path = FitpaySDKTests.swift; sourceTree = "<group>"; };
		0AD922AE1C1F7EFC007693AB /* Info.plist */ = {isa = PBXFileReference; lastKnownFileType = text.plist.xml; path = Info.plist; sourceTree = "<group>"; };
		0AD9232B1C20BB38007693AB /* FitpaySDK.swift */ = {isa = PBXFileReference; fileEncoding = 4; lastKnownFileType = sourcecode.swift; path = FitpaySDK.swift; sourceTree = "<group>"; };
		69AB4097308CF361456A6C47 /* Pods-FitpaySDK.debug.xcconfig */ = {isa = PBXFileReference; includeInIndex = 1; lastKnownFileType = text.xcconfig; name = "Pods-FitpaySDK.debug.xcconfig"; path = "Pods/Target Support Files/Pods-FitpaySDK/Pods-FitpaySDK.debug.xcconfig"; sourceTree = "<group>"; };
		8426D24B1C91D139009AACFE /* RtmConstants.swift */ = {isa = PBXFileReference; fileEncoding = 4; lastKnownFileType = sourcecode.swift; path = RtmConstants.swift; sourceTree = "<group>"; };
		8426D24D1C91D3BE009AACFE /* libcommonCrypto.tbd */ = {isa = PBXFileReference; lastKnownFileType = "sourcecode.text-based-dylib-definition"; name = libcommonCrypto.tbd; path = usr/lib/system/libcommonCrypto.tbd; sourceTree = SDKROOT; };
		8426D24F1C92B5D0009AACFE /* SHA1.h */ = {isa = PBXFileReference; lastKnownFileType = sourcecode.c.h; path = SHA1.h; sourceTree = "<group>"; };
		8426D2501C92BB9D009AACFE /* StringExtensions.swift */ = {isa = PBXFileReference; fileEncoding = 4; lastKnownFileType = sourcecode.swift; path = StringExtensions.swift; sourceTree = "<group>"; };
		9A12277F1C89CF5C006968D7 /* ArrayExtensions.swift */ = {isa = PBXFileReference; fileEncoding = 4; lastKnownFileType = sourcecode.swift; path = ArrayExtensions.swift; sourceTree = "<group>"; };
		9A62E6B51C8DCA20004ED6C0 /* Asset.swift */ = {isa = PBXFileReference; fileEncoding = 4; lastKnownFileType = sourcecode.swift; path = Asset.swift; sourceTree = "<group>"; };
		9AA50BDE1C7E096D000FA546 /* RestClientTests.swift */ = {isa = PBXFileReference; fileEncoding = 4; lastKnownFileType = sourcecode.swift; path = RestClientTests.swift; sourceTree = "<group>"; };
		9AA5BDAA1C7B54B600EDF2F6 /* RestSessionTests.swift */ = {isa = PBXFileReference; fileEncoding = 4; lastKnownFileType = sourcecode.swift; path = RestSessionTests.swift; sourceTree = "<group>"; };
		9AB68E391C84A1EC00A0E172 /* JWEHeader.swift */ = {isa = PBXFileReference; fileEncoding = 4; lastKnownFileType = sourcecode.swift; path = JWEHeader.swift; sourceTree = "<group>"; };
		9AB68E3A1C84A1EC00A0E172 /* JWEObject.swift */ = {isa = PBXFileReference; fileEncoding = 4; lastKnownFileType = sourcecode.swift; path = JWEObject.swift; sourceTree = "<group>"; };
		9AB68E3C1C84A1EC00A0E172 /* Base64Utils.swift */ = {isa = PBXFileReference; fileEncoding = 4; lastKnownFileType = sourcecode.swift; path = Base64Utils.swift; sourceTree = "<group>"; };
		9AB68E3D1C84A1EC00A0E172 /* RandomString.swift */ = {isa = PBXFileReference; fileEncoding = 4; lastKnownFileType = sourcecode.swift; path = RandomString.swift; sourceTree = "<group>"; };
		9AB68E421C84A21000A0E172 /* AESGCM.h */ = {isa = PBXFileReference; lastKnownFileType = sourcecode.c.h; path = AESGCM.h; sourceTree = "<group>"; };
		9AB68E431C84A25B00A0E172 /* JWETests.swift */ = {isa = PBXFileReference; fileEncoding = 4; lastKnownFileType = sourcecode.swift; path = JWETests.swift; sourceTree = "<group>"; };
		9ABF39411C883AF7002EA8E5 /* JWEObjectExtensions.swift */ = {isa = PBXFileReference; fileEncoding = 4; lastKnownFileType = sourcecode.swift; path = JWEObjectExtensions.swift; sourceTree = "<group>"; };
		9ACF2FB11C7F024E0051DAF1 /* libcrypto.a */ = {isa = PBXFileReference; lastKnownFileType = archive.ar; name = libcrypto.a; path = FitpaySDK/Libraries/OpenSSL/lib/libcrypto.a; sourceTree = "<group>"; };
		9ACF2FB21C7F024E0051DAF1 /* libssl.a */ = {isa = PBXFileReference; lastKnownFileType = archive.ar; name = libssl.a; path = FitpaySDK/Libraries/OpenSSL/lib/libssl.a; sourceTree = "<group>"; };
		9ACF305C1C7F4B010051DAF1 /* SECP256R1.h */ = {isa = PBXFileReference; lastKnownFileType = sourcecode.c.h; path = SECP256R1.h; sourceTree = "<group>"; };
		A1CDDE762C6631CF031451E0 /* Pods-FitpaySDK.release.xcconfig */ = {isa = PBXFileReference; includeInIndex = 1; lastKnownFileType = text.xcconfig; name = "Pods-FitpaySDK.release.xcconfig"; path = "Pods/Target Support Files/Pods-FitpaySDK/Pods-FitpaySDK.release.xcconfig"; sourceTree = "<group>"; };
		AE7CA63167C1F9C39FA4FA6C /* Pods_FitpaySDK.framework */ = {isa = PBXFileReference; explicitFileType = wrapper.framework; includeInIndex = 0; path = Pods_FitpaySDK.framework; sourceTree = BUILT_PRODUCTS_DIR; };
		CD03815EA04C30427064A86B /* Transaction.swift */ = {isa = PBXFileReference; fileEncoding = 4; lastKnownFileType = sourcecode.swift; path = Transaction.swift; sourceTree = "<group>"; };
		CD038189D3974D4BCE4A2509 /* SecretApplyable.swift */ = {isa = PBXFileReference; fileEncoding = 4; lastKnownFileType = sourcecode.swift; path = SecretApplyable.swift; sourceTree = "<group>"; };
		CD03818A549A1841A5ED64B3 /* RestAPIConstants.swift */ = {isa = PBXFileReference; fileEncoding = 4; lastKnownFileType = sourcecode.swift; path = RestAPIConstants.swift; sourceTree = "<group>"; };
		CD038236D1AEE3AC7A8155E3 /* Relationship.swift */ = {isa = PBXFileReference; fileEncoding = 4; lastKnownFileType = sourcecode.swift; path = Relationship.swift; sourceTree = "<group>"; };
		CD0382E7C3731302B80C1CBE /* NSErrorExtensions.swift */ = {isa = PBXFileReference; fileEncoding = 4; lastKnownFileType = sourcecode.swift; path = NSErrorExtensions.swift; sourceTree = "<group>"; };
		CD038321306A4D9DE1077241 /* Commit.swift */ = {isa = PBXFileReference; fileEncoding = 4; lastKnownFileType = sourcecode.swift; path = Commit.swift; sourceTree = "<group>"; };
		CD03843A84ED76B33DA758D4 /* WebViewSessionData.swift */ = {isa = PBXFileReference; fileEncoding = 4; lastKnownFileType = sourcecode.swift; path = WebViewSessionData.swift; sourceTree = "<group>"; };
		CD0384BCACD6EC5C570B9D0A /* RtmSession.swift */ = {isa = PBXFileReference; fileEncoding = 4; lastKnownFileType = sourcecode.swift; path = RtmSession.swift; sourceTree = "<group>"; };
		CD0385589BFC700A206717B1 /* CreditCardInitiator.swift */ = {isa = PBXFileReference; fileEncoding = 4; lastKnownFileType = sourcecode.swift; path = CreditCardInitiator.swift; sourceTree = "<group>"; };
		CD0385770D2621125F59B8DD /* VerificationMethod.swift */ = {isa = PBXFileReference; fileEncoding = 4; lastKnownFileType = sourcecode.swift; path = VerificationMethod.swift; sourceTree = "<group>"; };
		CD0385948875F054FFA4153B /* RawIntValue.swift */ = {isa = PBXFileReference; fileEncoding = 4; lastKnownFileType = sourcecode.swift; path = RawIntValue.swift; sourceTree = "<group>"; };
		CD0385B12671AFA04137F118 /* SECP256R1KeyPair.swift */ = {isa = PBXFileReference; fileEncoding = 4; lastKnownFileType = sourcecode.swift; path = SECP256R1KeyPair.swift; sourceTree = "<group>"; };
		CD03869312A30FB6257C3313 /* Address.swift */ = {isa = PBXFileReference; fileEncoding = 4; lastKnownFileType = sourcecode.swift; path = Address.swift; sourceTree = "<group>"; };
		CD0386DA358049C9AC2135F6 /* NSJSONSerializationExtensions.swift */ = {isa = PBXFileReference; fileEncoding = 4; lastKnownFileType = sourcecode.swift; path = NSJSONSerializationExtensions.swift; sourceTree = "<group>"; };
		CD03877A3C526340ECB9C853 /* DictionaryExtensions.swift */ = {isa = PBXFileReference; fileEncoding = 4; lastKnownFileType = sourcecode.swift; path = DictionaryExtensions.swift; sourceTree = "<group>"; };
		CD0387ACA27383C2A0D33CBC /* ResultCollection.swift */ = {isa = PBXFileReference; fileEncoding = 4; lastKnownFileType = sourcecode.swift; path = ResultCollection.swift; sourceTree = "<group>"; };
		CD0387CEBA596BFB51256128 /* User.swift */ = {isa = PBXFileReference; fileEncoding = 4; lastKnownFileType = sourcecode.swift; path = User.swift; sourceTree = "<group>"; };
		CD0387D62F4EB734531CCEA9 /* ApduPackage.swift */ = {isa = PBXFileReference; fileEncoding = 4; lastKnownFileType = sourcecode.swift; path = ApduPackage.swift; sourceTree = "<group>"; };
		CD038848A71603F14A4F8CD7 /* CreditCard.swift */ = {isa = PBXFileReference; fileEncoding = 4; lastKnownFileType = sourcecode.swift; path = CreditCard.swift; sourceTree = "<group>"; };
		CD03892F10B569368C16273E /* RestSession.swift */ = {isa = PBXFileReference; fileEncoding = 4; lastKnownFileType = sourcecode.swift; path = RestSession.swift; sourceTree = "<group>"; };
		CD038A15D95F318EC41638F6 /* DeviceInfo.swift */ = {isa = PBXFileReference; fileEncoding = 4; lastKnownFileType = sourcecode.swift; path = DeviceInfo.swift; sourceTree = "<group>"; };
		CD038C64E5144812C865F0AA /* NSDataExtensions.swift */ = {isa = PBXFileReference; fileEncoding = 4; lastKnownFileType = sourcecode.swift; path = NSDataExtensions.swift; sourceTree = "<group>"; };
		CD038CF70D8842F8B96D0963 /* PaymentDevice.swift */ = {isa = PBXFileReference; fileEncoding = 4; lastKnownFileType = sourcecode.swift; path = PaymentDevice.swift; sourceTree = "<group>"; };
		CD038D1774A53D9340CFCFBE /* EncryptionKey.swift */ = {isa = PBXFileReference; fileEncoding = 4; lastKnownFileType = sourcecode.swift; path = EncryptionKey.swift; sourceTree = "<group>"; };
		CD038E6F65A6788F30C11986 /* RestClient.swift */ = {isa = PBXFileReference; fileEncoding = 4; lastKnownFileType = sourcecode.swift; path = RestClient.swift; sourceTree = "<group>"; };
		CD038EC1AB0F5F167433FC52 /* ResourceLink.swift */ = {isa = PBXFileReference; fileEncoding = 4; lastKnownFileType = sourcecode.swift; path = ResourceLink.swift; sourceTree = "<group>"; };
/* End PBXFileReference section */

/* Begin PBXFrameworksBuildPhase section */
		0AD922991C1F7EFC007693AB /* Frameworks */ = {
			isa = PBXFrameworksBuildPhase;
			buildActionMask = 2147483647;
			files = (
				9ACF2FB31C7F024E0051DAF1 /* libcrypto.a in Frameworks */,
				9ACF2FB41C7F024E0051DAF1 /* libssl.a in Frameworks */,
				354C63C62E4DFD9F17A403C9 /* Pods_FitpaySDK.framework in Frameworks */,
			);
			runOnlyForDeploymentPostprocessing = 0;
		};
		0AD922A41C1F7EFC007693AB /* Frameworks */ = {
			isa = PBXFrameworksBuildPhase;
			buildActionMask = 2147483647;
			files = (
				0AD922A81C1F7EFC007693AB /* FitpaySDK.framework in Frameworks */,
			);
			runOnlyForDeploymentPostprocessing = 0;
		};
/* End PBXFrameworksBuildPhase section */

/* Begin PBXGroup section */
		0AD922931C1F7EFC007693AB = {
			isa = PBXGroup;
			children = (
				0AD9229F1C1F7EFC007693AB /* FitpaySDK */,
				0AD922AB1C1F7EFC007693AB /* FitpaySDKTests */,
				0AD9229E1C1F7EFC007693AB /* Products */,
				AAC95219C4851808164A9861 /* Pods */,
				B2C94647591B581A09E4A254 /* Frameworks */,
			);
			sourceTree = "<group>";
		};
		0AD9229E1C1F7EFC007693AB /* Products */ = {
			isa = PBXGroup;
			children = (
				0AD9229D1C1F7EFC007693AB /* FitpaySDK.framework */,
				0AD922A71C1F7EFC007693AB /* FitpaySDKTests.xctest */,
			);
			name = Products;
			sourceTree = "<group>";
		};
		0AD9229F1C1F7EFC007693AB /* FitpaySDK */ = {
			isa = PBXGroup;
			children = (
				9ACF305A1C7F4B010051DAF1 /* FPCrypto */,
				0AD922A01C1F7EFC007693AB /* FitpaySDK.h */,
				0AD922A21C1F7EFC007693AB /* Info.plist */,
				0AD9232B1C20BB38007693AB /* FitpaySDK.swift */,
				CD038511B6DB51958C59E6FC /* Rest */,
				CD038444AAB4BDB6FF14D2D7 /* Rtm */,
				CD0384F64FF8B4B91DDBC6AF /* PaymentDevice */,
				CD0389AD6419ED1E01710351 /* Extensions */,
				CD038D2F64FC83449F1AB8F3 /* Protocols */,
				CD038477DF1934938D33A597 /* Crypto */,
			);
			path = FitpaySDK;
			sourceTree = "<group>";
		};
		0AD922AB1C1F7EFC007693AB /* FitpaySDKTests */ = {
			isa = PBXGroup;
			children = (
				9AB68E431C84A25B00A0E172 /* JWETests.swift */,
				9AA50BDE1C7E096D000FA546 /* RestClientTests.swift */,
				9AA5BDAA1C7B54B600EDF2F6 /* RestSessionTests.swift */,
				0AD922AC1C1F7EFC007693AB /* FitpaySDKTests.swift */,
				0AD922AE1C1F7EFC007693AB /* Info.plist */,
			);
			path = FitpaySDKTests;
			sourceTree = "<group>";
		};
		8426D24A1C91D0EA009AACFE /* Constants */ = {
			isa = PBXGroup;
			children = (
				8426D24B1C91D139009AACFE /* RtmConstants.swift */,
			);
			path = Constants;
			sourceTree = "<group>";
		};
		9AB68E371C84A1EC00A0E172 /* JWE */ = {
			isa = PBXGroup;
			children = (
				9AB68E381C84A1EC00A0E172 /* JWEObject */,
				9AB68E3B1C84A1EC00A0E172 /* Utils */,
			);
			path = JWE;
			sourceTree = "<group>";
		};
		9AB68E381C84A1EC00A0E172 /* JWEObject */ = {
			isa = PBXGroup;
			children = (
				9AB68E391C84A1EC00A0E172 /* JWEHeader.swift */,
				9AB68E3A1C84A1EC00A0E172 /* JWEObject.swift */,
			);
			path = JWEObject;
			sourceTree = "<group>";
		};
		9AB68E3B1C84A1EC00A0E172 /* Utils */ = {
			isa = PBXGroup;
			children = (
				9AB68E3C1C84A1EC00A0E172 /* Base64Utils.swift */,
				9AB68E3D1C84A1EC00A0E172 /* RandomString.swift */,
			);
			path = Utils;
			sourceTree = "<group>";
		};
		9ACF305A1C7F4B010051DAF1 /* FPCrypto */ = {
			isa = PBXGroup;
			children = (
				9AB68E421C84A21000A0E172 /* AESGCM.h */,
				9ACF305C1C7F4B010051DAF1 /* SECP256R1.h */,
				8426D24F1C92B5D0009AACFE /* SHA1.h */,
			);
			path = FPCrypto;
			sourceTree = "<group>";
		};
		AAC95219C4851808164A9861 /* Pods */ = {
			isa = PBXGroup;
			children = (
				69AB4097308CF361456A6C47 /* Pods-FitpaySDK.debug.xcconfig */,
				A1CDDE762C6631CF031451E0 /* Pods-FitpaySDK.release.xcconfig */,
			);
			name = Pods;
			sourceTree = "<group>";
		};
		B2C94647591B581A09E4A254 /* Frameworks */ = {
			isa = PBXGroup;
			children = (
				8426D24D1C91D3BE009AACFE /* libcommonCrypto.tbd */,
				9ACF2FB11C7F024E0051DAF1 /* libcrypto.a */,
				9ACF2FB21C7F024E0051DAF1 /* libssl.a */,
				AE7CA63167C1F9C39FA4FA6C /* Pods_FitpaySDK.framework */,
			);
			name = Frameworks;
			sourceTree = "<group>";
		};
		CD038444AAB4BDB6FF14D2D7 /* Rtm */ = {
			isa = PBXGroup;
			children = (
				CD0385FBA6E03879966B500B /* Models */,
				8426D24A1C91D0EA009AACFE /* Constants */,
				CD0384BCACD6EC5C570B9D0A /* RtmSession.swift */,
			);
			path = Rtm;
			sourceTree = "<group>";
		};
		CD038466328E4608CC137268 /* Models */ = {
			isa = PBXGroup;
			children = (
				CD03815EA04C30427064A86B /* Transaction.swift */,
				CD0387CEBA596BFB51256128 /* User.swift */,
				CD038236D1AEE3AC7A8155E3 /* Relationship.swift */,
				CD038321306A4D9DE1077241 /* Commit.swift */,
				CD038EC1AB0F5F167433FC52 /* ResourceLink.swift */,
				CD0387D62F4EB734531CCEA9 /* ApduPackage.swift */,
				CD038A15D95F318EC41638F6 /* DeviceInfo.swift */,
				CD038D1774A53D9340CFCFBE /* EncryptionKey.swift */,
				CD0385770D2621125F59B8DD /* VerificationMethod.swift */,
				CD038848A71603F14A4F8CD7 /* CreditCard.swift */,
				CD03869312A30FB6257C3313 /* Address.swift */,
				CD0387ACA27383C2A0D33CBC /* ResultCollection.swift */,
				CD038189D3974D4BCE4A2509 /* SecretApplyable.swift */,
				9A62E6B51C8DCA20004ED6C0 /* Asset.swift */,
			);
			path = Models;
			sourceTree = "<group>";
		};
		CD038477DF1934938D33A597 /* Crypto */ = {
			isa = PBXGroup;
			children = (
				9AB68E371C84A1EC00A0E172 /* JWE */,
				CD0385B12671AFA04137F118 /* SECP256R1KeyPair.swift */,
			);
			path = Crypto;
			sourceTree = "<group>";
		};
		CD0384F64FF8B4B91DDBC6AF /* PaymentDevice */ = {
			isa = PBXGroup;
			children = (
				CD038CF70D8842F8B96D0963 /* PaymentDevice.swift */,
			);
			path = PaymentDevice;
			sourceTree = "<group>";
		};
		CD038511B6DB51958C59E6FC /* Rest */ = {
			isa = PBXGroup;
			children = (
				CD038466328E4608CC137268 /* Models */,
				CD03872D493D4CAEC8CA854A /* Constants */,
				CD03892F10B569368C16273E /* RestSession.swift */,
				CD038E6F65A6788F30C11986 /* RestClient.swift */,
			);
			path = Rest;
			sourceTree = "<group>";
		};
		CD0385FBA6E03879966B500B /* Models */ = {
			isa = PBXGroup;
			children = (
				CD03843A84ED76B33DA758D4 /* WebViewSessionData.swift */,
			);
			path = Models;
			sourceTree = "<group>";
		};
		CD03872D493D4CAEC8CA854A /* Constants */ = {
			isa = PBXGroup;
			children = (
				CD0385589BFC700A206717B1 /* CreditCardInitiator.swift */,
				CD03818A549A1841A5ED64B3 /* RestAPIConstants.swift */,
			);
			path = Constants;
			sourceTree = "<group>";
		};
		CD0389AD6419ED1E01710351 /* Extensions */ = {
			isa = PBXGroup;
			children = (
				CD0386DA358049C9AC2135F6 /* NSJSONSerializationExtensions.swift */,
				CD03877A3C526340ECB9C853 /* DictionaryExtensions.swift */,
				CD0382E7C3731302B80C1CBE /* NSErrorExtensions.swift */,
				CD038C64E5144812C865F0AA /* NSDataExtensions.swift */,
				9ABF39411C883AF7002EA8E5 /* JWEObjectExtensions.swift */,
				9A12277F1C89CF5C006968D7 /* ArrayExtensions.swift */,
				8426D2501C92BB9D009AACFE /* StringExtensions.swift */,
			);
			path = Extensions;
			sourceTree = "<group>";
		};
		CD038D2F64FC83449F1AB8F3 /* Protocols */ = {
			isa = PBXGroup;
			children = (
				CD0385948875F054FFA4153B /* RawIntValue.swift */,
			);
			path = Protocols;
			sourceTree = "<group>";
		};
/* End PBXGroup section */

/* Begin PBXHeadersBuildPhase section */
		0AD9229A1C1F7EFC007693AB /* Headers */ = {
			isa = PBXHeadersBuildPhase;
			buildActionMask = 2147483647;
			files = (
				0AD922A11C1F7EFC007693AB /* FitpaySDK.h in Headers */,
			);
			runOnlyForDeploymentPostprocessing = 0;
		};
/* End PBXHeadersBuildPhase section */

/* Begin PBXNativeTarget section */
		0AD9229C1C1F7EFC007693AB /* FitpaySDK */ = {
			isa = PBXNativeTarget;
			buildConfigurationList = 0AD922B11C1F7EFC007693AB /* Build configuration list for PBXNativeTarget "FitpaySDK" */;
			buildPhases = (
				79020079ABF1C988C76C29A6 /* Check Pods Manifest.lock */,
				0AD922981C1F7EFC007693AB /* Sources */,
				0AD922991C1F7EFC007693AB /* Frameworks */,
				0AD9229A1C1F7EFC007693AB /* Headers */,
				0AD9229B1C1F7EFC007693AB /* Resources */,
				449DF6A1184412BD75735649 /* Copy Pods Resources */,
			);
			buildRules = (
			);
			dependencies = (
			);
			name = FitpaySDK;
			productName = FitpaySDK;
			productReference = 0AD9229D1C1F7EFC007693AB /* FitpaySDK.framework */;
			productType = "com.apple.product-type.framework";
		};
		0AD922A61C1F7EFC007693AB /* FitpaySDKTests */ = {
			isa = PBXNativeTarget;
			buildConfigurationList = 0AD922B41C1F7EFC007693AB /* Build configuration list for PBXNativeTarget "FitpaySDKTests" */;
			buildPhases = (
				0AD922A31C1F7EFC007693AB /* Sources */,
				0AD922A41C1F7EFC007693AB /* Frameworks */,
				0AD922A51C1F7EFC007693AB /* Resources */,
			);
			buildRules = (
			);
			dependencies = (
				0AD922AA1C1F7EFC007693AB /* PBXTargetDependency */,
			);
			name = FitpaySDKTests;
			productName = FitpaySDKTests;
			productReference = 0AD922A71C1F7EFC007693AB /* FitpaySDKTests.xctest */;
			productType = "com.apple.product-type.bundle.unit-test";
		};
/* End PBXNativeTarget section */

/* Begin PBXProject section */
		0AD922941C1F7EFC007693AB /* Project object */ = {
			isa = PBXProject;
			attributes = {
				LastSwiftUpdateCheck = 0720;
				LastUpgradeCheck = 0720;
				ORGANIZATIONNAME = Fitpay;
				TargetAttributes = {
					0AD9229C1C1F7EFC007693AB = {
						CreatedOnToolsVersion = 7.2;
						DevelopmentTeam = 8DB2GSDN6Z;
					};
					0AD922A61C1F7EFC007693AB = {
						CreatedOnToolsVersion = 7.2;
					};
				};
			};
			buildConfigurationList = 0AD922971C1F7EFC007693AB /* Build configuration list for PBXProject "FitpaySDK" */;
			compatibilityVersion = "Xcode 3.2";
			developmentRegion = English;
			hasScannedForEncodings = 0;
			knownRegions = (
				en,
			);
			mainGroup = 0AD922931C1F7EFC007693AB;
			productRefGroup = 0AD9229E1C1F7EFC007693AB /* Products */;
			projectDirPath = "";
			projectRoot = "";
			targets = (
				0AD9229C1C1F7EFC007693AB /* FitpaySDK */,
				0AD922A61C1F7EFC007693AB /* FitpaySDKTests */,
			);
		};
/* End PBXProject section */

/* Begin PBXResourcesBuildPhase section */
		0AD9229B1C1F7EFC007693AB /* Resources */ = {
			isa = PBXResourcesBuildPhase;
			buildActionMask = 2147483647;
			files = (
			);
			runOnlyForDeploymentPostprocessing = 0;
		};
		0AD922A51C1F7EFC007693AB /* Resources */ = {
			isa = PBXResourcesBuildPhase;
			buildActionMask = 2147483647;
			files = (
			);
			runOnlyForDeploymentPostprocessing = 0;
		};
/* End PBXResourcesBuildPhase section */

/* Begin PBXShellScriptBuildPhase section */
		449DF6A1184412BD75735649 /* Copy Pods Resources */ = {
			isa = PBXShellScriptBuildPhase;
			buildActionMask = 2147483647;
			files = (
			);
			inputPaths = (
			);
			name = "Copy Pods Resources";
			outputPaths = (
			);
			runOnlyForDeploymentPostprocessing = 0;
			shellPath = /bin/sh;
			shellScript = "\"${SRCROOT}/Pods/Target Support Files/Pods-FitpaySDK/Pods-FitpaySDK-resources.sh\"\n";
			showEnvVarsInLog = 0;
		};
		79020079ABF1C988C76C29A6 /* Check Pods Manifest.lock */ = {
			isa = PBXShellScriptBuildPhase;
			buildActionMask = 2147483647;
			files = (
			);
			inputPaths = (
			);
			name = "Check Pods Manifest.lock";
			outputPaths = (
			);
			runOnlyForDeploymentPostprocessing = 0;
			shellPath = /bin/sh;
			shellScript = "diff \"${PODS_ROOT}/../Podfile.lock\" \"${PODS_ROOT}/Manifest.lock\" > /dev/null\nif [[ $? != 0 ]] ; then\n    cat << EOM\nerror: The sandbox is not in sync with the Podfile.lock. Run 'pod install' or update your CocoaPods installation.\nEOM\n    exit 1\nfi\n";
			showEnvVarsInLog = 0;
		};
/* End PBXShellScriptBuildPhase section */

/* Begin PBXSourcesBuildPhase section */
		0AD922981C1F7EFC007693AB /* Sources */ = {
			isa = PBXSourcesBuildPhase;
			buildActionMask = 2147483647;
			files = (
				0AD9232C1C20BB38007693AB /* FitpaySDK.swift in Sources */,
				9ABF39421C883AF7002EA8E5 /* JWEObjectExtensions.swift in Sources */,
				CD03895E2EB9EE7415958B59 /* Transaction.swift in Sources */,
				CD03806996B162B739B5C3C4 /* User.swift in Sources */,
				9AB68E3F1C84A1EC00A0E172 /* JWEObject.swift in Sources */,
				9AB68E401C84A1EC00A0E172 /* Base64Utils.swift in Sources */,
				CD038E19C412D95ED6F9F036 /* Relationship.swift in Sources */,
				CD038952A85B6214173CC785 /* Commit.swift in Sources */,
				CD038DC45BF133FC5A0D9A94 /* ResourceLink.swift in Sources */,
				CD03852C57B1C79751A86197 /* ApduPackage.swift in Sources */,
				CD0387E96A4CCADE85CAA6B0 /* DeviceInfo.swift in Sources */,
				CD0385EFB1AE91118505CC3E /* EncryptionKey.swift in Sources */,
				8426D2511C92BB9D009AACFE /* StringExtensions.swift in Sources */,
				CD038A69826DABAA4DE467C5 /* VerificationMethod.swift in Sources */,
				CD038BD672C20128B6711869 /* CreditCard.swift in Sources */,
				CD038A4098738EC358AD2751 /* Address.swift in Sources */,
				CD03838AE5953B954AC82E50 /* ResultCollection.swift in Sources */,
				9A1227801C89CF5C006968D7 /* ArrayExtensions.swift in Sources */,
				CD0381268F7131417FB26686 /* CreditCardInitiator.swift in Sources */,
				9AB68E411C84A1EC00A0E172 /* RandomString.swift in Sources */,
				CD0380D8C5E628E5C1A755AC /* RestAPIConstants.swift in Sources */,
				CD038125B3958A9F8CF17E26 /* WebViewSessionData.swift in Sources */,
				CD038AFCBC933F1763715369 /* RtmSession.swift in Sources */,
				CD03811FA3F15932D1C0F66B /* RestSession.swift in Sources */,
				CD0386948E879E2106699B3C /* RestClient.swift in Sources */,
				CD0385C5EFAB73A715B73025 /* PaymentDevice.swift in Sources */,
				9AB68E3E1C84A1EC00A0E172 /* JWEHeader.swift in Sources */,
				CD03844FF2823EFCDF1972EE /* NSJSONSerializationExtensions.swift in Sources */,
				CD038163A93FFC2353B572A0 /* DictionaryExtensions.swift in Sources */,
				9A62E6B61C8DCA20004ED6C0 /* Asset.swift in Sources */,
				CD038D8BCA3144FBB29E8DE4 /* NSErrorExtensions.swift in Sources */,
				CD0381C2A8FBB873B221A20F /* RawIntValue.swift in Sources */,
				CD0389401826E2E23F248906 /* SECP256R1KeyPair.swift in Sources */,
				CD03864C52B317B02135FF7D /* NSDataExtensions.swift in Sources */,
				CD03814935D90886A777D9EF /* SecretApplyable.swift in Sources */,
				8426D24C1C91D139009AACFE /* RtmConstants.swift in Sources */,
			);
			runOnlyForDeploymentPostprocessing = 0;
		};
		0AD922A31C1F7EFC007693AB /* Sources */ = {
			isa = PBXSourcesBuildPhase;
			buildActionMask = 2147483647;
			files = (
				9AA5BDAB1C7B54B600EDF2F6 /* RestSessionTests.swift in Sources */,
				0AD922AD1C1F7EFC007693AB /* FitpaySDKTests.swift in Sources */,
				9AB68E441C84A25B00A0E172 /* JWETests.swift in Sources */,
				9AA50BDF1C7E096D000FA546 /* RestClientTests.swift in Sources */,
			);
			runOnlyForDeploymentPostprocessing = 0;
		};
/* End PBXSourcesBuildPhase section */

/* Begin PBXTargetDependency section */
		0AD922AA1C1F7EFC007693AB /* PBXTargetDependency */ = {
			isa = PBXTargetDependency;
			target = 0AD9229C1C1F7EFC007693AB /* FitpaySDK */;
			targetProxy = 0AD922A91C1F7EFC007693AB /* PBXContainerItemProxy */;
		};
/* End PBXTargetDependency section */

/* Begin XCBuildConfiguration section */
		0AD922AF1C1F7EFC007693AB /* Debug */ = {
			isa = XCBuildConfiguration;
			buildSettings = {
				ALWAYS_SEARCH_USER_PATHS = NO;
				CLANG_CXX_LANGUAGE_STANDARD = "gnu++0x";
				CLANG_CXX_LIBRARY = "libc++";
				CLANG_ENABLE_MODULES = YES;
				CLANG_ENABLE_OBJC_ARC = YES;
				CLANG_WARN_BOOL_CONVERSION = YES;
				CLANG_WARN_CONSTANT_CONVERSION = YES;
				CLANG_WARN_DIRECT_OBJC_ISA_USAGE = YES_ERROR;
				CLANG_WARN_EMPTY_BODY = YES;
				CLANG_WARN_ENUM_CONVERSION = YES;
				CLANG_WARN_INT_CONVERSION = YES;
				CLANG_WARN_OBJC_ROOT_CLASS = YES_ERROR;
				CLANG_WARN_UNREACHABLE_CODE = YES;
				CLANG_WARN__DUPLICATE_METHOD_MATCH = YES;
				"CODE_SIGN_IDENTITY[sdk=iphoneos*]" = "iPhone Developer";
				COPY_PHASE_STRIP = NO;
				CURRENT_PROJECT_VERSION = 1;
				DEBUG_INFORMATION_FORMAT = dwarf;
				ENABLE_STRICT_OBJC_MSGSEND = YES;
				ENABLE_TESTABILITY = YES;
				GCC_C_LANGUAGE_STANDARD = gnu99;
				GCC_DYNAMIC_NO_PIC = NO;
				GCC_NO_COMMON_BLOCKS = YES;
				GCC_OPTIMIZATION_LEVEL = 0;
				GCC_PREPROCESSOR_DEFINITIONS = (
					"DEBUG=1",
					"$(inherited)",
				);
				GCC_WARN_64_TO_32_BIT_CONVERSION = YES;
				GCC_WARN_ABOUT_RETURN_TYPE = YES_ERROR;
				GCC_WARN_UNDECLARED_SELECTOR = YES;
				GCC_WARN_UNINITIALIZED_AUTOS = YES_AGGRESSIVE;
				GCC_WARN_UNUSED_FUNCTION = YES;
				GCC_WARN_UNUSED_VARIABLE = YES;
				IPHONEOS_DEPLOYMENT_TARGET = 9.2;
				MTL_ENABLE_DEBUG_INFO = YES;
				ONLY_ACTIVE_ARCH = YES;
				SDKROOT = iphoneos;
				SWIFT_OPTIMIZATION_LEVEL = "-Onone";
				TARGETED_DEVICE_FAMILY = "1,2";
				VERSIONING_SYSTEM = "apple-generic";
				VERSION_INFO_PREFIX = "";
			};
			name = Debug;
		};
		0AD922B01C1F7EFC007693AB /* Release */ = {
			isa = XCBuildConfiguration;
			buildSettings = {
				ALWAYS_SEARCH_USER_PATHS = NO;
				CLANG_CXX_LANGUAGE_STANDARD = "gnu++0x";
				CLANG_CXX_LIBRARY = "libc++";
				CLANG_ENABLE_MODULES = YES;
				CLANG_ENABLE_OBJC_ARC = YES;
				CLANG_WARN_BOOL_CONVERSION = YES;
				CLANG_WARN_CONSTANT_CONVERSION = YES;
				CLANG_WARN_DIRECT_OBJC_ISA_USAGE = YES_ERROR;
				CLANG_WARN_EMPTY_BODY = YES;
				CLANG_WARN_ENUM_CONVERSION = YES;
				CLANG_WARN_INT_CONVERSION = YES;
				CLANG_WARN_OBJC_ROOT_CLASS = YES_ERROR;
				CLANG_WARN_UNREACHABLE_CODE = YES;
				CLANG_WARN__DUPLICATE_METHOD_MATCH = YES;
				"CODE_SIGN_IDENTITY[sdk=iphoneos*]" = "iPhone Developer";
				COPY_PHASE_STRIP = NO;
				CURRENT_PROJECT_VERSION = 1;
				DEBUG_INFORMATION_FORMAT = "dwarf-with-dsym";
				ENABLE_NS_ASSERTIONS = NO;
				ENABLE_STRICT_OBJC_MSGSEND = YES;
				GCC_C_LANGUAGE_STANDARD = gnu99;
				GCC_NO_COMMON_BLOCKS = YES;
				GCC_WARN_64_TO_32_BIT_CONVERSION = YES;
				GCC_WARN_ABOUT_RETURN_TYPE = YES_ERROR;
				GCC_WARN_UNDECLARED_SELECTOR = YES;
				GCC_WARN_UNINITIALIZED_AUTOS = YES_AGGRESSIVE;
				GCC_WARN_UNUSED_FUNCTION = YES;
				GCC_WARN_UNUSED_VARIABLE = YES;
				IPHONEOS_DEPLOYMENT_TARGET = 9.2;
				MTL_ENABLE_DEBUG_INFO = NO;
				SDKROOT = iphoneos;
				TARGETED_DEVICE_FAMILY = "1,2";
				VALIDATE_PRODUCT = YES;
				VERSIONING_SYSTEM = "apple-generic";
				VERSION_INFO_PREFIX = "";
			};
			name = Release;
		};
		0AD922B21C1F7EFC007693AB /* Debug */ = {
			isa = XCBuildConfiguration;
			baseConfigurationReference = 69AB4097308CF361456A6C47 /* Pods-FitpaySDK.debug.xcconfig */;
			buildSettings = {
				CLANG_ALLOW_NON_MODULAR_INCLUDES_IN_FRAMEWORK_MODULES = NO;
				CLANG_ENABLE_MODULES = YES;
				CODE_SIGN_IDENTITY = "iPhone Developer";
				"CODE_SIGN_IDENTITY[sdk=iphoneos*]" = "iPhone Developer";
				DEFINES_MODULE = YES;
				DYLIB_COMPATIBILITY_VERSION = 1;
				DYLIB_CURRENT_VERSION = 1;
				DYLIB_INSTALL_NAME_BASE = "@rpath";
				FRAMEWORK_SEARCH_PATHS = "\"$(SRCROOT)/FitpaySDK/Libraries/OpenSSL/lib\"";
				HEADER_SEARCH_PATHS = (
					"\"$(SRCROOT)/FitpaySDK/Libraries/OpenSSL/include\"/**",
					"\"$(SRCROOT)/FitpaySDK/FPCrypto",
				);
				INFOPLIST_FILE = FitpaySDK/Info.plist;
				INSTALL_PATH = "$(LOCAL_LIBRARY_DIR)/Frameworks";
				LD_RUNPATH_SEARCH_PATHS = "$(inherited) @executable_path/Frameworks @loader_path/Frameworks";
				LIBRARY_SEARCH_PATHS = (
					"$(inherited)",
					"$(PROJECT_DIR)/FitpaySDK/Libraries/OpenSSL/lib",
					"$(SDKROOT)/usr/lib/system",
				);
				PRODUCT_BUNDLE_IDENTIFIER = com.fitpay.FitpaySDK;
				PRODUCT_NAME = "$(TARGET_NAME)";
				PROVISIONING_PROFILE = "";
				SKIP_INSTALL = YES;
				SWIFT_OBJC_BRIDGING_HEADER = "";
				SWIFT_OPTIMIZATION_LEVEL = "-Onone";
			};
			name = Debug;
		};
		0AD922B31C1F7EFC007693AB /* Release */ = {
			isa = XCBuildConfiguration;
			baseConfigurationReference = A1CDDE762C6631CF031451E0 /* Pods-FitpaySDK.release.xcconfig */;
			buildSettings = {
				CLANG_ALLOW_NON_MODULAR_INCLUDES_IN_FRAMEWORK_MODULES = NO;
				CLANG_ENABLE_MODULES = YES;
				CODE_SIGN_IDENTITY = "iPhone Developer";
				"CODE_SIGN_IDENTITY[sdk=iphoneos*]" = "iPhone Developer";
				DEFINES_MODULE = YES;
				DYLIB_COMPATIBILITY_VERSION = 1;
				DYLIB_CURRENT_VERSION = 1;
				DYLIB_INSTALL_NAME_BASE = "@rpath";
				FRAMEWORK_SEARCH_PATHS = "\"$(SRCROOT)/FitpaySDK/Libraries/OpenSSL/lib\"";
				HEADER_SEARCH_PATHS = (
					"\"$(SRCROOT)/FitpaySDK/Libraries/OpenSSL/include\"/**",
					"\"$(SRCROOT)/FitpaySDK/FPCrypto",
				);
				INFOPLIST_FILE = FitpaySDK/Info.plist;
				INSTALL_PATH = "$(LOCAL_LIBRARY_DIR)/Frameworks";
				LD_RUNPATH_SEARCH_PATHS = "$(inherited) @executable_path/Frameworks @loader_path/Frameworks";
				LIBRARY_SEARCH_PATHS = (
					"$(inherited)",
					"$(PROJECT_DIR)/FitpaySDK/Libraries/OpenSSL/lib",
					"$(SDKROOT)/usr/lib/system",
				);
				PRODUCT_BUNDLE_IDENTIFIER = com.fitpay.FitpaySDK;
				PRODUCT_NAME = "$(TARGET_NAME)";
				PROVISIONING_PROFILE = "";
				SKIP_INSTALL = YES;
				SWIFT_OBJC_BRIDGING_HEADER = "";
			};
			name = Release;
		};
		0AD922B51C1F7EFC007693AB /* Debug */ = {
			isa = XCBuildConfiguration;
			buildSettings = {
				HEADER_SEARCH_PATHS = (
					"\"$(SRCROOT)/FitpaySDK/Libraries/OpenSSL/include\"/**",
					"\"$(SRCROOT)/FitpaySDK/FPCrypto",
				);
				INFOPLIST_FILE = FitpaySDKTests/Info.plist;
				LD_RUNPATH_SEARCH_PATHS = "$(inherited) @executable_path/Frameworks @loader_path/Frameworks";
				PRODUCT_BUNDLE_IDENTIFIER = com.fitpay.FitpaySDKTests;
				PRODUCT_NAME = "$(TARGET_NAME)";
			};
			name = Debug;
		};
		0AD922B61C1F7EFC007693AB /* Release */ = {
			isa = XCBuildConfiguration;
			buildSettings = {
				HEADER_SEARCH_PATHS = (
					"\"$(SRCROOT)/FitpaySDK/Libraries/OpenSSL/include\"/**",
					"\"$(SRCROOT)/FitpaySDK/FPCrypto",
				);
				INFOPLIST_FILE = FitpaySDKTests/Info.plist;
				LD_RUNPATH_SEARCH_PATHS = "$(inherited) @executable_path/Frameworks @loader_path/Frameworks";
				PRODUCT_BUNDLE_IDENTIFIER = com.fitpay.FitpaySDKTests;
				PRODUCT_NAME = "$(TARGET_NAME)";
			};
			name = Release;
		};
/* End XCBuildConfiguration section */

/* Begin XCConfigurationList section */
		0AD922971C1F7EFC007693AB /* Build configuration list for PBXProject "FitpaySDK" */ = {
			isa = XCConfigurationList;
			buildConfigurations = (
				0AD922AF1C1F7EFC007693AB /* Debug */,
				0AD922B01C1F7EFC007693AB /* Release */,
			);
			defaultConfigurationIsVisible = 0;
			defaultConfigurationName = Release;
		};
		0AD922B11C1F7EFC007693AB /* Build configuration list for PBXNativeTarget "FitpaySDK" */ = {
			isa = XCConfigurationList;
			buildConfigurations = (
				0AD922B21C1F7EFC007693AB /* Debug */,
				0AD922B31C1F7EFC007693AB /* Release */,
			);
			defaultConfigurationIsVisible = 0;
			defaultConfigurationName = Release;
		};
		0AD922B41C1F7EFC007693AB /* Build configuration list for PBXNativeTarget "FitpaySDKTests" */ = {
			isa = XCConfigurationList;
			buildConfigurations = (
				0AD922B51C1F7EFC007693AB /* Debug */,
				0AD922B61C1F7EFC007693AB /* Release */,
			);
			defaultConfigurationIsVisible = 0;
			defaultConfigurationName = Release;
		};
/* End XCConfigurationList section */
	};
	rootObject = 0AD922941C1F7EFC007693AB /* Project object */;
}
